
Microsoft Visual Studio Solution File, Format Version 12.00
# Visual Studio Version 17
VisualStudioVersion = 17.9.34902.65
MinimumVisualStudioVersion = 10.0.40219.1
Project("{9A19103F-16F7-4668-BE54-9A1E7A4F7556}") = "BookCataloqApi", "BookCataloqApi.csproj", "{F3E0D424-BAFA-4240-95DC-EFE294249459}"
EndProject
Global
	GlobalSection(SolutionConfigurationPlatforms) = preSolution
		Debug|Any CPU = Debug|Any CPU
		Release|Any CPU = Release|Any CPU
	EndGlobalSection
	GlobalSection(ProjectConfigurationPlatforms) = postSolution
		{F3E0D424-BAFA-4240-95DC-EFE294249459}.Debug|Any CPU.ActiveCfg = Debug|Any CPU
		{F3E0D424-BAFA-4240-95DC-EFE294249459}.Debug|Any CPU.Build.0 = Debug|Any CPU
		{F3E0D424-BAFA-4240-95DC-EFE294249459}.Release|Any CPU.ActiveCfg = Release|Any CPU
		{F3E0D424-BAFA-4240-95DC-EFE294249459}.Release|Any CPU.Build.0 = Release|Any CPU
	EndGlobalSection
	GlobalSection(SolutionProperties) = preSolution
		HideSolutionNode = FALSE
	EndGlobalSection
	GlobalSection(ExtensibilityGlobals) = postSolution
		SolutionGuid = {EC3C54CC-56AF-43EF-982B-79DBCAD77AAD}
	EndGlobalSection
EndGlobal
